
Microsoft Visual Studio Solution File, Format Version 12.00
# Visual Studio 15
VisualStudioVersion = 15.0.27130.2036
MinimumVisualStudioVersion = 10.0.40219.1
Project("{159641D6-6404-4A2A-AE62-294DE0FE8301}") = "TestPhotoRetrive", "TestPhotoRetrive\TestPhotoRetrive.dtproj", "{BE8C411E-9D23-477E-9A3B-6B7EE4FA7113}"
EndProject
Global
	GlobalSection(SolutionConfigurationPlatforms) = preSolution
		Development|Default = Development|Default
	EndGlobalSection
	GlobalSection(ProjectConfigurationPlatforms) = postSolution
		{BE8C411E-9D23-477E-9A3B-6B7EE4FA7113}.Development|Default.ActiveCfg = Development
		{BE8C411E-9D23-477E-9A3B-6B7EE4FA7113}.Development|Default.Build.0 = Development
	EndGlobalSection
	GlobalSection(SolutionProperties) = preSolution
		HideSolutionNode = FALSE
	EndGlobalSection
	GlobalSection(ExtensibilityGlobals) = postSolution
		SolutionGuid = {4348AE20-A6A1-4F14-86D4-05DA5D590F00}
	EndGlobalSection
EndGlobal
